
Microsoft Visual Studio Solution File, Format Version 12.00
# Visual Studio Version 16
VisualStudioVersion = 16.0.30907.101
MinimumVisualStudioVersion = 10.0.40219.1
Project("{FAE04EC0-301F-11D3-BF4B-00C04F79EFBC}") = "Treinamento03", "Treinamento03\Treinamento03.csproj", "{A665C589-010D-4F20-9F11-DB7D63E8C29B}"
EndProject
Global
	GlobalSection(SolutionConfigurationPlatforms) = preSolution
		Debug|Any CPU = Debug|Any CPU
		Release|Any CPU = Release|Any CPU
	EndGlobalSection
	GlobalSection(ProjectConfigurationPlatforms) = postSolution
		{A665C589-010D-4F20-9F11-DB7D63E8C29B}.Debug|Any CPU.ActiveCfg = Debug|Any CPU
		{A665C589-010D-4F20-9F11-DB7D63E8C29B}.Debug|Any CPU.Build.0 = Debug|Any CPU
		{A665C589-010D-4F20-9F11-DB7D63E8C29B}.Release|Any CPU.ActiveCfg = Release|Any CPU
		{A665C589-010D-4F20-9F11-DB7D63E8C29B}.Release|Any CPU.Build.0 = Release|Any CPU
	EndGlobalSection
	GlobalSection(SolutionProperties) = preSolution
		HideSolutionNode = FALSE
	EndGlobalSection
	GlobalSection(ExtensibilityGlobals) = postSolution
		SolutionGuid = {5E6EB2E7-0893-4B7D-8C98-DFFD537C9E7E}
	EndGlobalSection
EndGlobal
